
Microsoft Visual Studio Solution File, Format Version 12.00
# Visual Studio 15
Project("{FAE04EC0-301F-11D3-BF4B-00C04F79EFBC}") = "MerryYellow.CodeAssist.Editor", "MerryYellow.CodeAssist.Editor.csproj", "{CD1630C0-C3A5-7664-E4CE-47D97B1C37D9}"
EndProject
Project("{FAE04EC0-301F-11D3-BF4B-00C04F79EFBC}") = "Assembly-CSharp", "Assembly-CSharp.csproj", "{989CFF2F-2F9B-6732-463D-BC854160A729}"
EndProject
Project("{FAE04EC0-301F-11D3-BF4B-00C04F79EFBC}") = "Assembly-CSharp-Editor", "Assembly-CSharp-Editor.csproj", "{9F1CF3A1-C3E6-DD5F-7BAF-79F679DF3EB5}"
EndProject
Global
	GlobalSection(SolutionConfigurationPlatforms) = preSolution
		Debug|Any CPU = Debug|Any CPU
		Release|Any CPU = Release|Any CPU
	EndGlobalSection
	GlobalSection(ProjectConfigurationPlatforms) = postSolution
		{CD1630C0-C3A5-7664-E4CE-47D97B1C37D9}.Debug|Any CPU.ActiveCfg = Debug|Any CPU
		{CD1630C0-C3A5-7664-E4CE-47D97B1C37D9}.Debug|Any CPU.Build.0 = Debug|Any CPU
		{CD1630C0-C3A5-7664-E4CE-47D97B1C37D9}.Release|Any CPU.ActiveCfg = Release|Any CPU
		{CD1630C0-C3A5-7664-E4CE-47D97B1C37D9}.Release|Any CPU.Build.0 = Release|Any CPU
		{989CFF2F-2F9B-6732-463D-BC854160A729}.Debug|Any CPU.ActiveCfg = Debug|Any CPU
		{989CFF2F-2F9B-6732-463D-BC854160A729}.Debug|Any CPU.Build.0 = Debug|Any CPU
		{989CFF2F-2F9B-6732-463D-BC854160A729}.Release|Any CPU.ActiveCfg = Release|Any CPU
		{989CFF2F-2F9B-6732-463D-BC854160A729}.Release|Any CPU.Build.0 = Release|Any CPU
		{9F1CF3A1-C3E6-DD5F-7BAF-79F679DF3EB5}.Debug|Any CPU.ActiveCfg = Debug|Any CPU
		{9F1CF3A1-C3E6-DD5F-7BAF-79F679DF3EB5}.Debug|Any CPU.Build.0 = Debug|Any CPU
		{9F1CF3A1-C3E6-DD5F-7BAF-79F679DF3EB5}.Release|Any CPU.ActiveCfg = Release|Any CPU
		{9F1CF3A1-C3E6-DD5F-7BAF-79F679DF3EB5}.Release|Any CPU.Build.0 = Release|Any CPU
	EndGlobalSection
	GlobalSection(SolutionProperties) = preSolution
		HideSolutionNode = FALSE
	EndGlobalSection
EndGlobal
